
Microsoft Visual Studio Solution File, Format Version 12.00
# Visual Studio Version 17
VisualStudioVersion = 17.5.33414.496
MinimumVisualStudioVersion = 10.0.40219.1
Project("{FAE04EC0-301F-11D3-BF4B-00C04F79EFBC}") = "TPMOD4_1302213045", "TPMOD4_1302213045.csproj", "{FE645FB4-D088-4787-9C9A-0378E67E80D9}"
EndProject
Global
	GlobalSection(SolutionConfigurationPlatforms) = preSolution
		Debug|Any CPU = Debug|Any CPU
		Release|Any CPU = Release|Any CPU
	EndGlobalSection
	GlobalSection(ProjectConfigurationPlatforms) = postSolution
		{FE645FB4-D088-4787-9C9A-0378E67E80D9}.Debug|Any CPU.ActiveCfg = Debug|Any CPU
		{FE645FB4-D088-4787-9C9A-0378E67E80D9}.Debug|Any CPU.Build.0 = Debug|Any CPU
		{FE645FB4-D088-4787-9C9A-0378E67E80D9}.Release|Any CPU.ActiveCfg = Release|Any CPU
		{FE645FB4-D088-4787-9C9A-0378E67E80D9}.Release|Any CPU.Build.0 = Release|Any CPU
	EndGlobalSection
	GlobalSection(SolutionProperties) = preSolution
		HideSolutionNode = FALSE
	EndGlobalSection
	GlobalSection(ExtensibilityGlobals) = postSolution
		SolutionGuid = {549E4122-24C5-45D2-B3B8-DE84082E3F05}
	EndGlobalSection
EndGlobal
